# This file is automatically @generated by Cargo.
# It is not intended for manual editing.
version = 4

[[package]]
name = "mecab"
version = "0.1.6"
source = "registry+https://github.com/rust-lang/crates.io-index"
checksum = "ea47523038076ea0d856cee454421c69aa7d6ad549262a2088f12bfcc385cebb"

[[package]]
name = "mecab-test"
version = "0.1.0"
dependencies = [
 "mecab",
]
